
Microsoft Visual Studio Solution File, Format Version 12.00
# Visual Studio Version 17
VisualStudioVersion = 17.2.32602.215
MinimumVisualStudioVersion = 10.0.40219.1
Project("{FAE04EC0-301F-11D3-BF4B-00C04F79EFBC}") = "Etickets", "Etickets\Etickets.csproj", "{CD89C997-1F9D-482A-A4D1-78763D336CFF}"
EndProject
Global
	GlobalSection(SolutionConfigurationPlatforms) = preSolution
		Debug|Any CPU = Debug|Any CPU
		Release|Any CPU = Release|Any CPU
	EndGlobalSection
	GlobalSection(ProjectConfigurationPlatforms) = postSolution
		{CD89C997-1F9D-482A-A4D1-78763D336CFF}.Debug|Any CPU.ActiveCfg = Debug|Any CPU
		{CD89C997-1F9D-482A-A4D1-78763D336CFF}.Debug|Any CPU.Build.0 = Debug|Any CPU
		{CD89C997-1F9D-482A-A4D1-78763D336CFF}.Release|Any CPU.ActiveCfg = Release|Any CPU
		{CD89C997-1F9D-482A-A4D1-78763D336CFF}.Release|Any CPU.Build.0 = Release|Any CPU
	EndGlobalSection
	GlobalSection(SolutionProperties) = preSolution
		HideSolutionNode = FALSE
	EndGlobalSection
	GlobalSection(ExtensibilityGlobals) = postSolution
		SolutionGuid = {3034E5D1-3CC2-44A6-87E0-B5CA3C85A558}
	EndGlobalSection
EndGlobal
